version = 1
revision = 1
requires-python = ">=3.12"

[[package]]
name = "certifi"
version = "2023.11.17"
source = { registry = "https://pypi.org/simple" }
sdist = { url = "https://files.pythonhosted.org/packages/d4/91/c89518dd4fe1f3a4e3f6ab7ff23cb00ef2e8c9adf99dacc618ad5e068e28/certifi-2023.11.17.tar.gz", hash = "sha256:9b469f3a900bf28dc19b8cfbf8019bf47f7fdd1a65a1d4ffb98fc14166beb4d1", size = 163637 }
wheels = [
    { url = "https://files.pythonhosted.org/packages/64/62/428ef076be88fa93716b576e4a01f919d25968913e817077a386fcbe4f42/certifi-2023.11.17-py3-none-any.whl", hash = "sha256:e036ab49d5b79556f99cfc2d9320b34cfbe5be05c5871b51de9329f0603b0474", size = 162530 },
]

[[package]]
name = "charset-normalizer"
version = "3.3.2"
source = { registry = "https://pypi.org/simple" }
sdist = { url = "https://files.pythonhosted.org/packages/63/09/c1bc53dab74b1816a00d8d030de5bf98f724c52c1635e07681d312f20be8/charset-normalizer-3.3.2.tar.gz", hash = "sha256:f30c3cb33b24454a82faecaf01b19c18562b1e89558fb6c56de4d9118a032fd5", size = 104809 }
wheels = [
    { url = "https://files.pythonhosted.org/packages/d1/b2/fcedc8255ec42afee97f9e6f0145c734bbe104aac28300214593eb326f1d/charset_normalizer-3.3.2-cp312-cp312-macosx_10_9_universal2.whl", hash = "sha256:0b2b64d2bb6d3fb9112bafa732def486049e63de9618b5843bcdd081d8144cd8", size = 192892 },
    { url = "https://files.pythonhosted.org/packages/2e/7d/2259318c202f3d17f3fe6438149b3b9e706d1070fe3fcbb28049730bb25c/charset_normalizer-3.3.2-cp312-cp312-macosx_10_9_x86_64.whl", hash = "sha256:ddbb2551d7e0102e7252db79ba445cdab71b26640817ab1e3e3648dad515003b", size = 122213 },
    { url = "https://files.pythonhosted.org/packages/3a/52/9f9d17c3b54dc238de384c4cb5a2ef0e27985b42a0e5cc8e8a31d918d48d/charset_normalizer-3.3.2-cp312-cp312-macosx_11_0_arm64.whl", hash = "sha256:55086ee1064215781fff39a1af09518bc9255b50d6333f2e4c74ca09fac6a8f6", size = 119404 },
    { url = "https://files.pythonhosted.org/packages/99/b0/9c365f6d79a9f0f3c379ddb40a256a67aa69c59609608fe7feb6235896e1/charset_normalizer-3.3.2-cp312-cp312-manylinux_2_17_aarch64.manylinux2014_aarch64.whl", hash = "sha256:8f4a014bc36d3c57402e2977dada34f9c12300af536839dc38c0beab8878f38a", size = 137275 },
    { url = "https://files.pythonhosted.org/packages/91/33/749df346e93d7a30cdcb90cbfdd41a06026317bfbfb62cd68307c1a3c543/charset_normalizer-3.3.2-cp312-cp312-manylinux_2_17_ppc64le.manylinux2014_ppc64le.whl", hash = "sha256:a10af20b82360ab00827f916a6058451b723b4e65030c5a18577c8b2de5b3389", size = 147518 },
    { url = "https://files.pythonhosted.org/packages/72/1a/641d5c9f59e6af4c7b53da463d07600a695b9824e20849cb6eea8a627761/charset_normalizer-3.3.2-cp312-cp312-manylinux_2_17_s390x.manylinux2014_s390x.whl", hash = "sha256:8d756e44e94489e49571086ef83b2bb8ce311e730092d2c34ca8f7d925cb20aa", size = 140182 },
    { url = "https://files.pythonhosted.org/packages/ee/fb/14d30eb4956408ee3ae09ad34299131fb383c47df355ddb428a7331cfa1e/charset_normalizer-3.3.2-cp312-cp312-manylinux_2_17_x86_64.manylinux2014_x86_64.whl", hash = "sha256:90d558489962fd4918143277a773316e56c72da56ec7aa3dc3dbbe20fdfed15b", size = 141869 },
    { url = "https://files.pythonhosted.org/packages/df/3e/a06b18788ca2eb6695c9b22325b6fde7dde0f1d1838b1792a0076f58fe9d/charset_normalizer-3.3.2-cp312-cp312-manylinux_2_5_i686.manylinux1_i686.manylinux_2_17_i686.manylinux2014_i686.whl", hash = "sha256:6ac7ffc7ad6d040517be39eb591cac5ff87416c2537df6ba3cba3bae290c0fed", size = 144042 },
    { url = "https://files.pythonhosted.org/packages/45/59/3d27019d3b447a88fe7e7d004a1e04be220227760264cc41b405e863891b/charset_normalizer-3.3.2-cp312-cp312-musllinux_1_1_aarch64.whl", hash = "sha256:7ed9e526742851e8d5cc9e6cf41427dfc6068d4f5a3bb03659444b4cabf6bc26", size = 138275 },
    { url = "https://files.pythonhosted.org/packages/7b/ef/5eb105530b4da8ae37d506ccfa25057961b7b63d581def6f99165ea89c7e/charset_normalizer-3.3.2-cp312-cp312-musllinux_1_1_i686.whl", hash = "sha256:8bdb58ff7ba23002a4c5808d608e4e6c687175724f54a5dade5fa8c67b604e4d", size = 144819 },
    { url = "https://files.pythonhosted.org/packages/a2/51/e5023f937d7f307c948ed3e5c29c4b7a3e42ed2ee0b8cdf8f3a706089bf0/charset_normalizer-3.3.2-cp312-cp312-musllinux_1_1_ppc64le.whl", hash = "sha256:6b3251890fff30ee142c44144871185dbe13b11bab478a88887a639655be1068", size = 149415 },
    { url = "https://files.pythonhosted.org/packages/24/9d/2e3ef673dfd5be0154b20363c5cdcc5606f35666544381bee15af3778239/charset_normalizer-3.3.2-cp312-cp312-musllinux_1_1_s390x.whl", hash = "sha256:b4a23f61ce87adf89be746c8a8974fe1c823c891d8f86eb218bb957c924bb143", size = 141212 },
    { url = "https://files.pythonhosted.org/packages/5b/ae/ce2c12fcac59cb3860b2e2d76dc405253a4475436b1861d95fe75bdea520/charset_normalizer-3.3.2-cp312-cp312-musllinux_1_1_x86_64.whl", hash = "sha256:efcb3f6676480691518c177e3b465bcddf57cea040302f9f4e6e191af91174d4", size = 142167 },
    { url = "https://files.pythonhosted.org/packages/ed/3a/a448bf035dce5da359daf9ae8a16b8a39623cc395a2ffb1620aa1bce62b0/charset_normalizer-3.3.2-cp312-cp312-win32.whl", hash = "sha256:d965bba47ddeec8cd560687584e88cf699fd28f192ceb452d1d7ee807c5597b7", size = 93041 },
    { url = "https://files.pythonhosted.org/packages/b6/7c/8debebb4f90174074b827c63242c23851bdf00a532489fba57fef3416e40/charset_normalizer-3.3.2-cp312-cp312-win_amd64.whl", hash = "sha256:96b02a3dc4381e5494fad39be677abcb5e6634bf7b4fa83a6dd3112607547001", size = 100397 },
    { url = "https://files.pythonhosted.org/packages/28/76/e6222113b83e3622caa4bb41032d0b1bf785250607392e1b778aca0b8a7d/charset_normalizer-3.3.2-py3-none-any.whl", hash = "sha256:3e4d1f6587322d2788836a99c69062fbb091331ec940e02d12d179c1d53e25fc", size = 48543 },
]

[[package]]
name = "dotenv"
version = "0.9.9"
source = { registry = "https://pypi.org/simple" }
dependencies = [
    { name = "python-dotenv" },
]
wheels = [
    { url = "https://files.pythonhosted.org/packages/b2/b7/545d2c10c1fc15e48653c91efde329a790f2eecfbbf2bd16003b5db2bab0/dotenv-0.9.9-py2.py3-none-any.whl", hash = "sha256:29cf74a087b31dafdb5a446b6d7e11cbce8ed2741540e2339c69fbef92c94ce9", size = 1892 },
]

[[package]]
name = "fastkml"
version = "0.12"
source = { registry = "https://pypi.org/simple" }
dependencies = [
    { name = "pygeoif" },
    { name = "python-dateutil" },
]
sdist = { url = "https://files.pythonhosted.org/packages/93/ef/6ed974aa4e014d05a609870d771acb6fe5f4c820d248a883b739595f001c/fastkml-0.12.tar.gz", hash = "sha256:34d8eb2f77b554002743bb8be5678f89d8ecea5a64ded1480028f43405d8b638", size = 68366 }
wheels = [
    { url = "https://files.pythonhosted.org/packages/48/cd/f9937c54ba3d076dc908fa86bd8edae55fd4b8538925f58c5ebad5702b73/fastkml-0.12-py3-none-any.whl", hash = "sha256:73e68cf1f6640dd701d0bfeefb8f9a01145fec30b6a84beff0056f9ae04d7630", size = 62652 },
]

[[package]]
name = "idna"
version = "3.6"
source = { registry = "https://pypi.org/simple" }
sdist = { url = "https://files.pythonhosted.org/packages/bf/3f/ea4b9117521a1e9c50344b909be7886dd00a519552724809bb1f486986c2/idna-3.6.tar.gz", hash = "sha256:9ecdbbd083b06798ae1e86adcbfe8ab1479cf864e4ee30fe4e46a003d12491ca", size = 175426 }
wheels = [
    { url = "https://files.pythonhosted.org/packages/c2/e7/a82b05cf63a603df6e68d59ae6a68bf5064484a0718ea5033660af4b54a9/idna-3.6-py3-none-any.whl", hash = "sha256:c05567e9c24a6b9faaa835c4821bad0590fbb9d5779e7caa6e1cc4978e7eb24f", size = 61567 },
]

[[package]]
name = "lxml"
version = "5.0.0"
source = { registry = "https://pypi.org/simple" }
sdist = { url = "https://files.pythonhosted.org/packages/80/2c/076fafd979728858829fb9ce2e13fa6367b6be9acc4da0cff6367aa6a1ce/lxml-5.0.0.zip", hash = "sha256:2219cbf790e701acf9a21a31ead75f983e73daf0eceb9da6990212e4d20ebefe", size = 4061243 }
wheels = [
    { url = "https://files.pythonhosted.org/packages/fe/c0/78b5eb2373781ed833e65c04a2c6fa4ab3633cfaf7729f57ad9d8c174507/lxml-5.0.0-cp312-cp312-macosx_11_0_universal2.whl", hash = "sha256:f30e697b6215e759d0824768b2c5b0618d2dc19abe6c67eeed2b0460f52470d1", size = 8789111 },
    { url = "https://files.pythonhosted.org/packages/88/37/822c643377bbf85c123119f0f110f603608c3331742abdd0e769af72eecd/lxml-5.0.0-cp312-cp312-manylinux_2_28_aarch64.whl", hash = "sha256:d1bb64646480c36a4aa1b6a44a5b6e33d0fcbeab9f53f1b39072cd3bb2c6243a", size = 7793716 },
    { url = "https://files.pythonhosted.org/packages/4e/9e/85e9b7643368f016c41e9dd0df2e5b4b99f8504be94d8b8545da2c7b95c0/lxml-5.0.0-cp312-cp312-manylinux_2_28_x86_64.whl", hash = "sha256:4e69c36c8618707a90ed3fb6f48a6cc9254ffcdbf7b259e439a5ae5fbf9c5206", size = 8145366 },
    { url = "https://files.pythonhosted.org/packages/ff/e5/19aba3a3ef7c69746b3c657e7a9b078b724ba8231ee0b6cedce7d12ee182/lxml-5.0.0-cp312-cp312-musllinux_1_1_aarch64.whl", hash = "sha256:9ca498f8554a09fbc3a2f8fc4b23261e07bc27bef99b3df98e2570688033f6fc", size = 7687376 },
    { url = "https://files.pythonhosted.org/packages/2f/bf/b211c504820f73e812d40c638271725ffcb2081820e9d54b17a17d48282e/lxml-5.0.0-cp312-cp312-musllinux_1_1_x86_64.whl", hash = "sha256:0326e9b8176ea77269fb39e7af4010906e73e9496a9f8eaf06d253b1b1231ceb", size = 7967740 },
    { url = "https://files.pythonhosted.org/packages/59/e1/a9d945e7415fbb4483d3ea641b3409e3536695392666612cc5bf7730017c/lxml-5.0.0-cp312-cp312-win32.whl", hash = "sha256:5fb988e15378d6e905ca8f60813950a0c56da9469d0e8e5d8fe785b282684ec5", size = 3571966 },
    { url = "https://files.pythonhosted.org/packages/41/85/08298915e27c0eee29d3a138ce5ef510174c466300caca840ed4fdfe308d/lxml-5.0.0-cp312-cp312-win_amd64.whl", hash = "sha256:bb58e8f4b2cfe012cd312239b8d5139995fe8f5945c7c26d5fbbbb1ddb9acd47", size = 3914226 },
]

[[package]]
name = "map-data"
version = "0.1.0"
source = { virtual = "." }
dependencies = [
    { name = "certifi" },
    { name = "charset-normalizer" },
    { name = "dotenv" },
    { name = "fastkml" },
    { name = "idna" },
    { name = "lxml" },
    { name = "pygeoif" },
    { name = "python-dateutil" },
    { name = "python-dotenv" },
    { name = "requests" },
    { name = "setuptools" },
    { name = "six" },
    { name = "urllib3" },
]

[package.metadata]
requires-dist = [
    { name = "certifi", specifier = "==2023.11.17" },
    { name = "charset-normalizer", specifier = "==3.3.2" },
    { name = "dotenv", specifier = ">=0.9.9" },
    { name = "fastkml", specifier = "==0.12" },
    { name = "idna", specifier = "==3.6" },
    { name = "lxml", specifier = "==5.0.0" },
    { name = "pygeoif", specifier = "==0.7" },
    { name = "python-dateutil", specifier = "==2.8.2" },
    { name = "python-dotenv", specifier = "==1.0.0" },
    { name = "requests", specifier = "==2.31.0" },
    { name = "setuptools", specifier = "==69.0.3" },
    { name = "six", specifier = "==1.16.0" },
    { name = "urllib3", specifier = "==2.1.0" },
]

[[package]]
name = "pygeoif"
version = "0.7"
source = { registry = "https://pypi.org/simple" }
sdist = { url = "https://files.pythonhosted.org/packages/f0/a7/fc5df91be602a66aaae21213e6eb9b9b8039c8074b6515c570b5110b9108/pygeoif-0.7.tar.gz", hash = "sha256:11aa0c071d38befa4af3bd123efa834abe0823a873f3744f0a070a44025afe04", size = 34773 }

[[package]]
name = "python-dateutil"
version = "2.8.2"
source = { registry = "https://pypi.org/simple" }
dependencies = [
    { name = "six" },
]
sdist = { url = "https://files.pythonhosted.org/packages/4c/c4/13b4776ea2d76c115c1d1b84579f3764ee6d57204f6be27119f13a61d0a9/python-dateutil-2.8.2.tar.gz", hash = "sha256:0123cacc1627ae19ddf3c27a5de5bd67ee4586fbdd6440d9748f8abb483d3e86", size = 357324 }
wheels = [
    { url = "https://files.pythonhosted.org/packages/36/7a/87837f39d0296e723bb9b62bbb257d0355c7f6128853c78955f57342a56d/python_dateutil-2.8.2-py2.py3-none-any.whl", hash = "sha256:961d03dc3453ebbc59dbdea9e4e11c5651520a876d0f4db161e8674aae935da9", size = 247702 },
]

[[package]]
name = "python-dotenv"
version = "1.0.0"
source = { registry = "https://pypi.org/simple" }
sdist = { url = "https://files.pythonhosted.org/packages/31/06/1ef763af20d0572c032fa22882cfbfb005fba6e7300715a37840858c919e/python-dotenv-1.0.0.tar.gz", hash = "sha256:a8df96034aae6d2d50a4ebe8216326c61c3eb64836776504fcca410e5937a3ba", size = 37399 }
wheels = [
    { url = "https://files.pythonhosted.org/packages/44/2f/62ea1c8b593f4e093cc1a7768f0d46112107e790c3e478532329e434f00b/python_dotenv-1.0.0-py3-none-any.whl", hash = "sha256:f5971a9226b701070a4bf2c38c89e5a3f0d64de8debda981d1db98583009122a", size = 19482 },
]

[[package]]
name = "requests"
version = "2.31.0"
source = { registry = "https://pypi.org/simple" }
dependencies = [
    { name = "certifi" },
    { name = "charset-normalizer" },
    { name = "idna" },
    { name = "urllib3" },
]
sdist = { url = "https://files.pythonhosted.org/packages/9d/be/10918a2eac4ae9f02f6cfe6414b7a155ccd8f7f9d4380d62fd5b955065c3/requests-2.31.0.tar.gz", hash = "sha256:942c5a758f98d790eaed1a29cb6eefc7ffb0d1cf7af05c3d2791656dbd6ad1e1", size = 110794 }
wheels = [
    { url = "https://files.pythonhosted.org/packages/70/8e/0e2d847013cb52cd35b38c009bb167a1a26b2ce6cd6965bf26b47bc0bf44/requests-2.31.0-py3-none-any.whl", hash = "sha256:58cd2187c01e70e6e26505bca751777aa9f2ee0b7f4300988b709f44e013003f", size = 62574 },
]

[[package]]
name = "setuptools"
version = "69.0.3"
source = { registry = "https://pypi.org/simple" }
sdist = { url = "https://files.pythonhosted.org/packages/fc/c9/b146ca195403e0182a374e0ea4dbc69136bad3cd55bc293df496d625d0f7/setuptools-69.0.3.tar.gz", hash = "sha256:be1af57fc409f93647f2e8e4573a142ed38724b8cdd389706a867bb4efcf1e78", size = 2219609 }
wheels = [
    { url = "https://files.pythonhosted.org/packages/55/3a/5121b58b578a598b269537e09a316ad2a94fdd561a2c6eb75cd68578cc6b/setuptools-69.0.3-py3-none-any.whl", hash = "sha256:385eb4edd9c9d5c17540511303e39a147ce2fc04bc55289c322b9e5904fe2c05", size = 819530 },
]

[[package]]
name = "six"
version = "1.16.0"
source = { registry = "https://pypi.org/simple" }
sdist = { url = "https://files.pythonhosted.org/packages/71/39/171f1c67cd00715f190ba0b100d606d440a28c93c7714febeca8b79af85e/six-1.16.0.tar.gz", hash = "sha256:1e61c37477a1626458e36f7b1d82aa5c9b094fa4802892072e49de9c60c4c926", size = 34041 }
wheels = [
    { url = "https://files.pythonhosted.org/packages/d9/5a/e7c31adbe875f2abbb91bd84cf2dc52d792b5a01506781dbcf25c91daf11/six-1.16.0-py2.py3-none-any.whl", hash = "sha256:8abb2f1d86890a2dfb989f9a77cfcfd3e47c2a354b01111771326f8aa26e0254", size = 11053 },
]

[[package]]
name = "urllib3"
version = "2.1.0"
source = { registry = "https://pypi.org/simple" }
sdist = { url = "https://files.pythonhosted.org/packages/36/dd/a6b232f449e1bc71802a5b7950dc3675d32c6dbc2a1bd6d71f065551adb6/urllib3-2.1.0.tar.gz", hash = "sha256:df7aa8afb0148fa78488e7899b2c59b5f4ffcfa82e6c54ccb9dd37c1d7b52d54", size = 263900 }
wheels = [
    { url = "https://files.pythonhosted.org/packages/96/94/c31f58c7a7f470d5665935262ebd7455c7e4c7782eb525658d3dbf4b9403/urllib3-2.1.0-py3-none-any.whl", hash = "sha256:55901e917a5896a349ff771be919f8bd99aff50b79fe58fec595eb37bbc56bb3", size = 104579 },
]
